# This file is automatically @generated by Poetry 2.1.3 and should not be changed by hand.

[[package]]
name = "registry"
version = "0.4.2"
description = "Windows registry API"
optional = false
python-versions = "*"
groups = ["main"]
files = [
    {file = "registry-0.4.2.zip", hash = "sha256:08377540ac8a23f4d39d76d9431678a1fa2af509b89c5fd71bb149c52144c47f"},
]

[metadata]
lock-version = "2.1"
python-versions = ">=3.7,<4.0"
content-hash = "838f3e1719433e3b6035d5bb1d452c48f1ea8c3d58258e19c3844685572b5ac1"
